
Microsoft Visual Studio Solution File, Format Version 12.00
# Visual Studio 2017
Project("{FAE04EC0-301F-11D3-BF4B-00C04F79EFBC}") = "Jumpy Frog", "Jumpy Frog.csproj", "{C1C202A6-A116-BF82-6392-162328B819EC}"
EndProject
Global
	GlobalSection(SolutionConfigurationPlatforms) = preSolution
		Debug|Any CPU = Debug|Any CPU
		Release|Any CPU = Release|Any CPU
	EndGlobalSection
	GlobalSection(ProjectConfigurationPlatforms) = postSolution
		{C1C202A6-A116-BF82-6392-162328B819EC}.Debug|Any CPU.ActiveCfg = Debug|Any CPU
		{C1C202A6-A116-BF82-6392-162328B819EC}.Debug|Any CPU.Build.0 = Debug|Any CPU
		{C1C202A6-A116-BF82-6392-162328B819EC}.Release|Any CPU.ActiveCfg = Release|Any CPU
		{C1C202A6-A116-BF82-6392-162328B819EC}.Release|Any CPU.Build.0 = Release|Any CPU
	EndGlobalSection
	GlobalSection(SolutionProperties) = preSolution
		HideSolutionNode = FALSE
	EndGlobalSection
EndGlobal
